// !$*UTF8*$!
{
   archiveVersion = "1";
   objectVersion = "46";
   objects = {
      "Logger::Logger" = {
         isa = "PBXNativeTarget";
         buildConfigurationList = "OBJ_130";
         buildPhases = (
            "OBJ_133",
            "OBJ_135"
         );
         dependencies = (
         );
         name = "Logger";
         productName = "Logger";
         productReference = "Logger::Logger::Product";
         productType = "com.apple.product-type.framework";
      };
      "Logger::Logger::Product" = {
         isa = "PBXFileReference";
         path = "Logger.framework";
         sourceTree = "BUILT_PRODUCTS_DIR";
      };
      "Logger::SwiftPMPackageDescription" = {
         isa = "PBXNativeTarget";
         buildConfigurationList = "OBJ_137";
         buildPhases = (
            "OBJ_140"
         );
         dependencies = (
         );
         name = "LoggerPackageDescription";
         productName = "LoggerPackageDescription";
         productType = "com.apple.product-type.framework";
      };
      "OBJ_1" = {
         isa = "PBXProject";
         attributes = {
            LastSwiftMigration = "9999";
            LastUpgradeCheck = "9999";
         };
         buildConfigurationList = "OBJ_2";
         compatibilityVersion = "Xcode 3.2";
         developmentRegion = "en";
         hasScannedForEncodings = "0";
         knownRegions = (
            "en"
         );
         mainGroup = "OBJ_5";
         productRefGroup = "OBJ_77";
         projectDirPath = ".";
         targets = (
            "danger-swift::Danger",
            "danger-swift::DangerShellExecutor",
            "Logger::Logger",
            "Logger::SwiftPMPackageDescription",
            "OctoKit::OctoKit",
            "OctoKit::SwiftPMPackageDescription",
            "RequestKit::RequestKit",
            "RequestKit::SwiftPMPackageDescription",
            "WeTransfer-iOS-CI::WeTransfer-iOS-CI",
            "WeTransfer-iOS-CI::SwiftPMPackageDescription",
            "WeTransferLinter::WeTransferLinter",
            "WeTransferLinter::SwiftPMPackageDescription",
            "danger-swift::SwiftPMPackageDescription"
         );
      };
      "OBJ_10" = {
         isa = "PBXGroup";
         children = (
         );
         name = "Tests";
         path = "";
         sourceTree = "SOURCE_ROOT";
      };
      "OBJ_100" = {
         isa = "PBXBuildFile";
         fileRef = "OBJ_28";
      };
      "OBJ_101" = {
         isa = "PBXBuildFile";
         fileRef = "OBJ_29";
      };
      "OBJ_102" = {
         isa = "PBXBuildFile";
         fileRef = "OBJ_30";
      };
      "OBJ_103" = {
         isa = "PBXBuildFile";
         fileRef = "OBJ_31";
      };
      "OBJ_104" = {
         isa = "PBXBuildFile";
         fileRef = "OBJ_32";
      };
      "OBJ_105" = {
         isa = "PBXBuildFile";
         fileRef = "OBJ_35";
      };
      "OBJ_106" = {
         isa = "PBXBuildFile";
         fileRef = "OBJ_36";
      };
      "OBJ_107" = {
         isa = "PBXBuildFile";
         fileRef = "OBJ_37";
      };
      "OBJ_108" = {
         isa = "PBXBuildFile";
         fileRef = "OBJ_38";
      };
      "OBJ_109" = {
         isa = "PBXBuildFile";
         fileRef = "OBJ_39";
      };
      "OBJ_11" = {
         isa = "PBXGroup";
         children = (
            "OBJ_12",
            "OBJ_17",
            "OBJ_47",
            "OBJ_67",
            "OBJ_73"
         );
         name = "Dependencies";
         path = "";
         sourceTree = "<group>";
      };
      "OBJ_110" = {
         isa = "PBXBuildFile";
         fileRef = "OBJ_40";
      };
      "OBJ_111" = {
         isa = "PBXFrameworksBuildPhase";
         files = (
            "OBJ_112",
            "OBJ_113",
            "OBJ_114",
            "OBJ_115"
         );
      };
      "OBJ_112" = {
         isa = "PBXBuildFile";
         fileRef = "Logger::Logger::Product";
      };
      "OBJ_113" = {
         isa = "PBXBuildFile";
         fileRef = "OctoKit::OctoKit::Product";
      };
      "OBJ_114" = {
         isa = "PBXBuildFile";
         fileRef = "RequestKit::RequestKit::Product";
      };
      "OBJ_115" = {
         isa = "PBXBuildFile";
         fileRef = "danger-swift::DangerShellExecutor::Product";
      };
      "OBJ_116" = {
         isa = "PBXTargetDependency";
         target = "Logger::Logger";
      };
      "OBJ_118" = {
         isa = "PBXTargetDependency";
         target = "OctoKit::OctoKit";
      };
      "OBJ_12" = {
         isa = "PBXGroup";
         children = (
            "OBJ_13",
            "OBJ_14",
            "OBJ_16"
         );
         name = "WeTransferLinter";
         path = "";
         sourceTree = "SOURCE_ROOT";
      };
      "OBJ_120" = {
         isa = "PBXTargetDependency";
         target = "RequestKit::RequestKit";
      };
      "OBJ_122" = {
         isa = "PBXTargetDependency";
         target = "danger-swift::DangerShellExecutor";
      };
      "OBJ_124" = {
         isa = "XCConfigurationList";
         buildConfigurations = (
            "OBJ_125",
            "OBJ_126"
         );
         defaultConfigurationIsVisible = "0";
         defaultConfigurationName = "Release";
      };
      "OBJ_125" = {
         isa = "XCBuildConfiguration";
         buildSettings = {
            ENABLE_TESTABILITY = "YES";
            FRAMEWORK_SEARCH_PATHS = (
               "$(inherited)",
               "$(PLATFORM_DIR)/Developer/Library/Frameworks"
            );
            HEADER_SEARCH_PATHS = (
               "$(inherited)"
            );
            INFOPLIST_FILE = "WeTransfer-iOS-CI.xcodeproj/DangerShellExecutor_Info.plist";
            LD_RUNPATH_SEARCH_PATHS = (
               "$(inherited)",
               "$(TOOLCHAIN_DIR)/usr/lib/swift/macosx"
            );
            OTHER_CFLAGS = (
               "$(inherited)"
            );
            OTHER_LDFLAGS = (
               "$(inherited)"
            );
            OTHER_SWIFT_FLAGS = (
               "$(inherited)"
            );
            PRODUCT_BUNDLE_IDENTIFIER = "DangerShellExecutor";
            PRODUCT_MODULE_NAME = "$(TARGET_NAME:c99extidentifier)";
            PRODUCT_NAME = "$(TARGET_NAME:c99extidentifier)";
            SKIP_INSTALL = "YES";
            SWIFT_ACTIVE_COMPILATION_CONDITIONS = (
               "$(inherited)"
            );
            SWIFT_VERSION = "4.2";
            TARGET_NAME = "DangerShellExecutor";
         };
         name = "Debug";
      };
      "OBJ_126" = {
         isa = "XCBuildConfiguration";
         buildSettings = {
            ENABLE_TESTABILITY = "YES";
            FRAMEWORK_SEARCH_PATHS = (
               "$(inherited)",
               "$(PLATFORM_DIR)/Developer/Library/Frameworks"
            );
            HEADER_SEARCH_PATHS = (
               "$(inherited)"
            );
            INFOPLIST_FILE = "WeTransfer-iOS-CI.xcodeproj/DangerShellExecutor_Info.plist";
            LD_RUNPATH_SEARCH_PATHS = (
               "$(inherited)",
               "$(TOOLCHAIN_DIR)/usr/lib/swift/macosx"
            );
            OTHER_CFLAGS = (
               "$(inherited)"
            );
            OTHER_LDFLAGS = (
               "$(inherited)"
            );
            OTHER_SWIFT_FLAGS = (
               "$(inherited)"
            );
            PRODUCT_BUNDLE_IDENTIFIER = "DangerShellExecutor";
            PRODUCT_MODULE_NAME = "$(TARGET_NAME:c99extidentifier)";
            PRODUCT_NAME = "$(TARGET_NAME:c99extidentifier)";
            SKIP_INSTALL = "YES";
            SWIFT_ACTIVE_COMPILATION_CONDITIONS = (
               "$(inherited)"
            );
            SWIFT_VERSION = "4.2";
            TARGET_NAME = "DangerShellExecutor";
         };
         name = "Release";
      };
      "OBJ_127" = {
         isa = "PBXSourcesBuildPhase";
         files = (
            "OBJ_128"
         );
      };
      "OBJ_128" = {
         isa = "PBXBuildFile";
         fileRef = "OBJ_43";
      };
      "OBJ_129" = {
         isa = "PBXFrameworksBuildPhase";
         files = (
         );
      };
      "OBJ_13" = {
         isa = "PBXGroup";
         children = (
         );
         name = "DangerDependencies";
         path = "Plugins/WeTransferLinterPlugin/Sources/DangerDependencies";
         sourceTree = "SOURCE_ROOT";
      };
      "OBJ_130" = {
         isa = "XCConfigurationList";
         buildConfigurations = (
            "OBJ_131",
            "OBJ_132"
         );
         defaultConfigurationIsVisible = "0";
         defaultConfigurationName = "Release";
      };
      "OBJ_131" = {
         isa = "XCBuildConfiguration";
         buildSettings = {
            ENABLE_TESTABILITY = "YES";
            FRAMEWORK_SEARCH_PATHS = (
               "$(inherited)",
               "$(PLATFORM_DIR)/Developer/Library/Frameworks"
            );
            HEADER_SEARCH_PATHS = (
               "$(inherited)"
            );
            INFOPLIST_FILE = "WeTransfer-iOS-CI.xcodeproj/Logger_Info.plist";
            LD_RUNPATH_SEARCH_PATHS = (
               "$(inherited)",
               "$(TOOLCHAIN_DIR)/usr/lib/swift/macosx"
            );
            OTHER_CFLAGS = (
               "$(inherited)"
            );
            OTHER_LDFLAGS = (
               "$(inherited)"
            );
            OTHER_SWIFT_FLAGS = (
               "$(inherited)"
            );
            PRODUCT_BUNDLE_IDENTIFIER = "Logger";
            PRODUCT_MODULE_NAME = "$(TARGET_NAME:c99extidentifier)";
            PRODUCT_NAME = "$(TARGET_NAME:c99extidentifier)";
            SKIP_INSTALL = "YES";
            SWIFT_ACTIVE_COMPILATION_CONDITIONS = (
               "$(inherited)"
            );
            SWIFT_VERSION = "4.2";
            TARGET_NAME = "Logger";
         };
         name = "Debug";
      };
      "OBJ_132" = {
         isa = "XCBuildConfiguration";
         buildSettings = {
            ENABLE_TESTABILITY = "YES";
            FRAMEWORK_SEARCH_PATHS = (
               "$(inherited)",
               "$(PLATFORM_DIR)/Developer/Library/Frameworks"
            );
            HEADER_SEARCH_PATHS = (
               "$(inherited)"
            );
            INFOPLIST_FILE = "WeTransfer-iOS-CI.xcodeproj/Logger_Info.plist";
            LD_RUNPATH_SEARCH_PATHS = (
               "$(inherited)",
               "$(TOOLCHAIN_DIR)/usr/lib/swift/macosx"
            );
            OTHER_CFLAGS = (
               "$(inherited)"
            );
            OTHER_LDFLAGS = (
               "$(inherited)"
            );
            OTHER_SWIFT_FLAGS = (
               "$(inherited)"
            );
            PRODUCT_BUNDLE_IDENTIFIER = "Logger";
            PRODUCT_MODULE_NAME = "$(TARGET_NAME:c99extidentifier)";
            PRODUCT_NAME = "$(TARGET_NAME:c99extidentifier)";
            SKIP_INSTALL = "YES";
            SWIFT_ACTIVE_COMPILATION_CONDITIONS = (
               "$(inherited)"
            );
            SWIFT_VERSION = "4.2";
            TARGET_NAME = "Logger";
         };
         name = "Release";
      };
      "OBJ_133" = {
         isa = "PBXSourcesBuildPhase";
         files = (
            "OBJ_134"
         );
      };
      "OBJ_134" = {
         isa = "PBXBuildFile";
         fileRef = "OBJ_75";
      };
      "OBJ_135" = {
         isa = "PBXFrameworksBuildPhase";
         files = (
         );
      };
      "OBJ_137" = {
         isa = "XCConfigurationList";
         buildConfigurations = (
            "OBJ_138",
            "OBJ_139"
         );
         defaultConfigurationIsVisible = "0";
         defaultConfigurationName = "Release";
      };
      "OBJ_138" = {
         isa = "XCBuildConfiguration";
         buildSettings = {
            LD = "/usr/bin/true";
            OTHER_SWIFT_FLAGS = (
               "-swift-version",
               "4.2",
               "-I",
               "$(TOOLCHAIN_DIR)/usr/lib/swift/pm/4_2",
               "-target",
               "x86_64-apple-macosx10.10",
               "-sdk",
               "/Applications/Xcode.app/Contents/Developer/Platforms/MacOSX.platform/Developer/SDKs/MacOSX10.15.sdk",
               "-package-description-version",
               "4.2"
            );
            SWIFT_VERSION = "4.2";
         };
         name = "Debug";
      };
      "OBJ_139" = {
         isa = "XCBuildConfiguration";
         buildSettings = {
            LD = "/usr/bin/true";
            OTHER_SWIFT_FLAGS = (
               "-swift-version",
               "4.2",
               "-I",
               "$(TOOLCHAIN_DIR)/usr/lib/swift/pm/4_2",
               "-target",
               "x86_64-apple-macosx10.10",
               "-sdk",
               "/Applications/Xcode.app/Contents/Developer/Platforms/MacOSX.platform/Developer/SDKs/MacOSX10.15.sdk",
               "-package-description-version",
               "4.2"
            );
            SWIFT_VERSION = "4.2";
         };
         name = "Release";
      };
      "OBJ_14" = {
         isa = "PBXGroup";
         children = (
            "OBJ_15"
         );
         name = "WeTransferLinter";
         path = "Plugins/WeTransferLinterPlugin/Sources/WeTransferLinter";
         sourceTree = "SOURCE_ROOT";
      };
      "OBJ_140" = {
         isa = "PBXSourcesBuildPhase";
         files = (
            "OBJ_141"
         );
      };
      "OBJ_141" = {
         isa = "PBXBuildFile";
         fileRef = "OBJ_76";
      };
      "OBJ_142" = {
         isa = "XCConfigurationList";
         buildConfigurations = (
            "OBJ_143",
            "OBJ_144"
         );
         defaultConfigurationIsVisible = "0";
         defaultConfigurationName = "Release";
      };
      "OBJ_143" = {
         isa = "XCBuildConfiguration";
         buildSettings = {
            ENABLE_TESTABILITY = "YES";
            FRAMEWORK_SEARCH_PATHS = (
               "$(inherited)",
               "$(PLATFORM_DIR)/Developer/Library/Frameworks"
            );
            HEADER_SEARCH_PATHS = (
               "$(inherited)"
            );
            INFOPLIST_FILE = "WeTransfer-iOS-CI.xcodeproj/OctoKit_Info.plist";
            LD_RUNPATH_SEARCH_PATHS = (
               "$(inherited)",
               "$(TOOLCHAIN_DIR)/usr/lib/swift/macosx"
            );
            OTHER_CFLAGS = (
               "$(inherited)"
            );
            OTHER_LDFLAGS = (
               "$(inherited)"
            );
            OTHER_SWIFT_FLAGS = (
               "$(inherited)"
            );
            PRODUCT_BUNDLE_IDENTIFIER = "OctoKit";
            PRODUCT_MODULE_NAME = "$(TARGET_NAME:c99extidentifier)";
            PRODUCT_NAME = "$(TARGET_NAME:c99extidentifier)";
            SKIP_INSTALL = "YES";
            SWIFT_ACTIVE_COMPILATION_CONDITIONS = (
               "$(inherited)"
            );
            SWIFT_VERSION = "4.0";
            TARGET_NAME = "OctoKit";
         };
         name = "Debug";
      };
      "OBJ_144" = {
         isa = "XCBuildConfiguration";
         buildSettings = {
            ENABLE_TESTABILITY = "YES";
            FRAMEWORK_SEARCH_PATHS = (
               "$(inherited)",
               "$(PLATFORM_DIR)/Developer/Library/Frameworks"
            );
            HEADER_SEARCH_PATHS = (
               "$(inherited)"
            );
            INFOPLIST_FILE = "WeTransfer-iOS-CI.xcodeproj/OctoKit_Info.plist";
            LD_RUNPATH_SEARCH_PATHS = (
               "$(inherited)",
               "$(TOOLCHAIN_DIR)/usr/lib/swift/macosx"
            );
            OTHER_CFLAGS = (
               "$(inherited)"
            );
            OTHER_LDFLAGS = (
               "$(inherited)"
            );
            OTHER_SWIFT_FLAGS = (
               "$(inherited)"
            );
            PRODUCT_BUNDLE_IDENTIFIER = "OctoKit";
            PRODUCT_MODULE_NAME = "$(TARGET_NAME:c99extidentifier)";
            PRODUCT_NAME = "$(TARGET_NAME:c99extidentifier)";
            SKIP_INSTALL = "YES";
            SWIFT_ACTIVE_COMPILATION_CONDITIONS = (
               "$(inherited)"
            );
            SWIFT_VERSION = "4.0";
            TARGET_NAME = "OctoKit";
         };
         name = "Release";
      };
      "OBJ_145" = {
         isa = "PBXSourcesBuildPhase";
         files = (
            "OBJ_146",
            "OBJ_147",
            "OBJ_148",
            "OBJ_149",
            "OBJ_150",
            "OBJ_151",
            "OBJ_152",
            "OBJ_153",
            "OBJ_154",
            "OBJ_155",
            "OBJ_156",
            "OBJ_157",
            "OBJ_158",
            "OBJ_159",
            "OBJ_160",
            "OBJ_161",
            "OBJ_162"
         );
      };
      "OBJ_146" = {
         isa = "PBXBuildFile";
         fileRef = "OBJ_50";
      };
      "OBJ_147" = {
         isa = "PBXBuildFile";
         fileRef = "OBJ_51";
      };
      "OBJ_148" = {
         isa = "PBXBuildFile";
         fileRef = "OBJ_52";
      };
      "OBJ_149" = {
         isa = "PBXBuildFile";
         fileRef = "OBJ_53";
      };
      "OBJ_15" = {
         isa = "PBXFileReference";
         path = "WeTransferLinter.swift";
         sourceTree = "<group>";
      };
      "OBJ_150" = {
         isa = "PBXBuildFile";
         fileRef = "OBJ_54";
      };
      "OBJ_151" = {
         isa = "PBXBuildFile";
         fileRef = "OBJ_55";
      };
      "OBJ_152" = {
         isa = "PBXBuildFile";
         fileRef = "OBJ_56";
      };
      "OBJ_153" = {
         isa = "PBXBuildFile";
         fileRef = "OBJ_57";
      };
      "OBJ_154" = {
         isa = "PBXBuildFile";
         fileRef = "OBJ_58";
      };
      "OBJ_155" = {
         isa = "PBXBuildFile";
         fileRef = "OBJ_59";
      };
      "OBJ_156" = {
         isa = "PBXBuildFile";
         fileRef = "OBJ_60";
      };
      "OBJ_157" = {
         isa = "PBXBuildFile";
         fileRef = "OBJ_61";
      };
      "OBJ_158" = {
         isa = "PBXBuildFile";
         fileRef = "OBJ_62";
      };
      "OBJ_159" = {
         isa = "PBXBuildFile";
         fileRef = "OBJ_63";
      };
      "OBJ_16" = {
         isa = "PBXFileReference";
         explicitFileType = "sourcecode.swift";
         name = "Package.swift";
         path = "/Users/antoinevanderlee/Documents/GIT-Projects/WeTransfer/Coyote/Submodules/WeTransfer-iOS-CI/Danger-Swift/Plugins/WeTransferLinterPlugin/Package.swift";
         sourceTree = "<group>";
      };
      "OBJ_160" = {
         isa = "PBXBuildFile";
         fileRef = "OBJ_64";
      };
      "OBJ_161" = {
         isa = "PBXBuildFile";
         fileRef = "OBJ_65";
      };
      "OBJ_162" = {
         isa = "PBXBuildFile";
         fileRef = "OBJ_66";
      };
      "OBJ_163" = {
         isa = "PBXFrameworksBuildPhase";
         files = (
            "OBJ_164"
         );
      };
      "OBJ_164" = {
         isa = "PBXBuildFile";
         fileRef = "RequestKit::RequestKit::Product";
      };
      "OBJ_165" = {
         isa = "PBXTargetDependency";
         target = "RequestKit::RequestKit";
      };
      "OBJ_167" = {
         isa = "XCConfigurationList";
         buildConfigurations = (
            "OBJ_168",
            "OBJ_169"
         );
         defaultConfigurationIsVisible = "0";
         defaultConfigurationName = "Release";
      };
      "OBJ_168" = {
         isa = "XCBuildConfiguration";
         buildSettings = {
            LD = "/usr/bin/true";
            OTHER_SWIFT_FLAGS = (
               "-swift-version",
               "4",
               "-I",
               "$(TOOLCHAIN_DIR)/usr/lib/swift/pm/4",
               "-target",
               "x86_64-apple-macosx10.10",
               "-sdk",
               "/Applications/Xcode.app/Contents/Developer/Platforms/MacOSX.platform/Developer/SDKs/MacOSX10.15.sdk",
               "-package-description-version",
               "4"
            );
            SWIFT_VERSION = "4.0";
         };
         name = "Debug";
      };
      "OBJ_169" = {
         isa = "XCBuildConfiguration";
         buildSettings = {
            LD = "/usr/bin/true";
            OTHER_SWIFT_FLAGS = (
               "-swift-version",
               "4",
               "-I",
               "$(TOOLCHAIN_DIR)/usr/lib/swift/pm/4",
               "-target",
               "x86_64-apple-macosx10.10",
               "-sdk",
               "/Applications/Xcode.app/Contents/Developer/Platforms/MacOSX.platform/Developer/SDKs/MacOSX10.15.sdk",
               "-package-description-version",
               "4"
            );
            SWIFT_VERSION = "4.0";
         };
         name = "Release";
      };
      "OBJ_17" = {
         isa = "PBXGroup";
         children = (
            "OBJ_18",
            "OBJ_41",
            "OBJ_42",
            "OBJ_44",
            "OBJ_45",
            "OBJ_46"
         );
         name = "danger-swift 2.0.7";
         path = "";
         sourceTree = "SOURCE_ROOT";
      };
      "OBJ_170" = {
         isa = "PBXSourcesBuildPhase";
         files = (
            "OBJ_171"
         );
      };
      "OBJ_171" = {
         isa = "PBXBuildFile";
         fileRef = "OBJ_48";
      };
      "OBJ_172" = {
         isa = "XCConfigurationList";
         buildConfigurations = (
            "OBJ_173",
            "OBJ_174"
         );
         defaultConfigurationIsVisible = "0";
         defaultConfigurationName = "Release";
      };
      "OBJ_173" = {
         isa = "XCBuildConfiguration";
         buildSettings = {
            ENABLE_TESTABILITY = "YES";
            FRAMEWORK_SEARCH_PATHS = (
               "$(inherited)",
               "$(PLATFORM_DIR)/Developer/Library/Frameworks"
            );
            HEADER_SEARCH_PATHS = (
               "$(inherited)"
            );
            INFOPLIST_FILE = "WeTransfer-iOS-CI.xcodeproj/RequestKit_Info.plist";
            LD_RUNPATH_SEARCH_PATHS = (
               "$(inherited)",
               "$(TOOLCHAIN_DIR)/usr/lib/swift/macosx"
            );
            OTHER_CFLAGS = (
               "$(inherited)"
            );
            OTHER_LDFLAGS = (
               "$(inherited)"
            );
            OTHER_SWIFT_FLAGS = (
               "$(inherited)"
            );
            PRODUCT_BUNDLE_IDENTIFIER = "RequestKit";
            PRODUCT_MODULE_NAME = "$(TARGET_NAME:c99extidentifier)";
            PRODUCT_NAME = "$(TARGET_NAME:c99extidentifier)";
            SKIP_INSTALL = "YES";
            SWIFT_ACTIVE_COMPILATION_CONDITIONS = (
               "$(inherited)"
            );
            SWIFT_VERSION = "4.2";
            TARGET_NAME = "RequestKit";
         };
         name = "Debug";
      };
      "OBJ_174" = {
         isa = "XCBuildConfiguration";
         buildSettings = {
            ENABLE_TESTABILITY = "YES";
            FRAMEWORK_SEARCH_PATHS = (
               "$(inherited)",
               "$(PLATFORM_DIR)/Developer/Library/Frameworks"
            );
            HEADER_SEARCH_PATHS = (
               "$(inherited)"
            );
            INFOPLIST_FILE = "WeTransfer-iOS-CI.xcodeproj/RequestKit_Info.plist";
            LD_RUNPATH_SEARCH_PATHS = (
               "$(inherited)",
               "$(TOOLCHAIN_DIR)/usr/lib/swift/macosx"
            );
            OTHER_CFLAGS = (
               "$(inherited)"
            );
            OTHER_LDFLAGS = (
               "$(inherited)"
            );
            OTHER_SWIFT_FLAGS = (
               "$(inherited)"
            );
            PRODUCT_BUNDLE_IDENTIFIER = "RequestKit";
            PRODUCT_MODULE_NAME = "$(TARGET_NAME:c99extidentifier)";
            PRODUCT_NAME = "$(TARGET_NAME:c99extidentifier)";
            SKIP_INSTALL = "YES";
            SWIFT_ACTIVE_COMPILATION_CONDITIONS = (
               "$(inherited)"
            );
            SWIFT_VERSION = "4.2";
            TARGET_NAME = "RequestKit";
         };
         name = "Release";
      };
      "OBJ_175" = {
         isa = "PBXSourcesBuildPhase";
         files = (
            "OBJ_176",
            "OBJ_177",
            "OBJ_178"
         );
      };
      "OBJ_176" = {
         isa = "PBXBuildFile";
         fileRef = "OBJ_69";
      };
      "OBJ_177" = {
         isa = "PBXBuildFile";
         fileRef = "OBJ_70";
      };
      "OBJ_178" = {
         isa = "PBXBuildFile";
         fileRef = "OBJ_71";
      };
      "OBJ_179" = {
         isa = "PBXFrameworksBuildPhase";
         files = (
         );
      };
      "OBJ_18" = {
         isa = "PBXGroup";
         children = (
            "OBJ_19",
            "OBJ_20",
            "OBJ_21",
            "OBJ_22",
            "OBJ_23",
            "OBJ_24",
            "OBJ_25",
            "OBJ_26",
            "OBJ_29",
            "OBJ_30",
            "OBJ_31",
            "OBJ_32",
            "OBJ_33",
            "OBJ_39",
            "OBJ_40"
         );
         name = "Danger";
         path = ".build/checkouts/swift/Sources/Danger";
         sourceTree = "SOURCE_ROOT";
      };
      "OBJ_181" = {
         isa = "XCConfigurationList";
         buildConfigurations = (
            "OBJ_182",
            "OBJ_183"
         );
         defaultConfigurationIsVisible = "0";
         defaultConfigurationName = "Release";
      };
      "OBJ_182" = {
         isa = "XCBuildConfiguration";
         buildSettings = {
            LD = "/usr/bin/true";
            OTHER_SWIFT_FLAGS = (
               "-swift-version",
               "4.2",
               "-I",
               "$(TOOLCHAIN_DIR)/usr/lib/swift/pm/4_2",
               "-target",
               "x86_64-apple-macosx10.10",
               "-sdk",
               "/Applications/Xcode.app/Contents/Developer/Platforms/MacOSX.platform/Developer/SDKs/MacOSX10.15.sdk",
               "-package-description-version",
               "4.2"
            );
            SWIFT_VERSION = "4.2";
         };
         name = "Debug";
      };
      "OBJ_183" = {
         isa = "XCBuildConfiguration";
         buildSettings = {
            LD = "/usr/bin/true";
            OTHER_SWIFT_FLAGS = (
               "-swift-version",
               "4.2",
               "-I",
               "$(TOOLCHAIN_DIR)/usr/lib/swift/pm/4_2",
               "-target",
               "x86_64-apple-macosx10.10",
               "-sdk",
               "/Applications/Xcode.app/Contents/Developer/Platforms/MacOSX.platform/Developer/SDKs/MacOSX10.15.sdk",
               "-package-description-version",
               "4.2"
            );
            SWIFT_VERSION = "4.2";
         };
         name = "Release";
      };
      "OBJ_184" = {
         isa = "PBXSourcesBuildPhase";
         files = (
            "OBJ_185"
         );
      };
      "OBJ_185" = {
         isa = "PBXBuildFile";
         fileRef = "OBJ_72";
      };
      "OBJ_187" = {
         isa = "XCConfigurationList";
         buildConfigurations = (
            "OBJ_188",
            "OBJ_189"
         );
         defaultConfigurationIsVisible = "0";
         defaultConfigurationName = "Release";
      };
      "OBJ_188" = {
         isa = "XCBuildConfiguration";
         buildSettings = {
            ENABLE_TESTABILITY = "YES";
            FRAMEWORK_SEARCH_PATHS = (
               "$(inherited)",
               "$(PLATFORM_DIR)/Developer/Library/Frameworks"
            );
            HEADER_SEARCH_PATHS = (
               "$(inherited)"
            );
            INFOPLIST_FILE = "WeTransfer-iOS-CI.xcodeproj/WeTransfer_iOS_CI_Info.plist";
            IPHONEOS_DEPLOYMENT_TARGET = "8.0";
            LD_RUNPATH_SEARCH_PATHS = (
               "$(inherited)",
               "$(TOOLCHAIN_DIR)/usr/lib/swift/macosx"
            );
            MACOSX_DEPLOYMENT_TARGET = "10.10";
            OTHER_CFLAGS = (
               "$(inherited)"
            );
            OTHER_LDFLAGS = (
               "$(inherited)"
            );
            OTHER_SWIFT_FLAGS = (
               "$(inherited)"
            );
            PRODUCT_BUNDLE_IDENTIFIER = "WeTransfer-iOS-CI";
            PRODUCT_MODULE_NAME = "$(TARGET_NAME:c99extidentifier)";
            PRODUCT_NAME = "$(TARGET_NAME:c99extidentifier)";
            SKIP_INSTALL = "YES";
            SWIFT_ACTIVE_COMPILATION_CONDITIONS = (
               "$(inherited)"
            );
            SWIFT_VERSION = "5.0";
            TARGET_NAME = "WeTransfer-iOS-CI";
            TVOS_DEPLOYMENT_TARGET = "9.0";
            WATCHOS_DEPLOYMENT_TARGET = "2.0";
         };
         name = "Debug";
      };
      "OBJ_189" = {
         isa = "XCBuildConfiguration";
         buildSettings = {
            ENABLE_TESTABILITY = "YES";
            FRAMEWORK_SEARCH_PATHS = (
               "$(inherited)",
               "$(PLATFORM_DIR)/Developer/Library/Frameworks"
            );
            HEADER_SEARCH_PATHS = (
               "$(inherited)"
            );
            INFOPLIST_FILE = "WeTransfer-iOS-CI.xcodeproj/WeTransfer_iOS_CI_Info.plist";
            IPHONEOS_DEPLOYMENT_TARGET = "8.0";
            LD_RUNPATH_SEARCH_PATHS = (
               "$(inherited)",
               "$(TOOLCHAIN_DIR)/usr/lib/swift/macosx"
            );
            MACOSX_DEPLOYMENT_TARGET = "10.10";
            OTHER_CFLAGS = (
               "$(inherited)"
            );
            OTHER_LDFLAGS = (
               "$(inherited)"
            );
            OTHER_SWIFT_FLAGS = (
               "$(inherited)"
            );
            PRODUCT_BUNDLE_IDENTIFIER = "WeTransfer-iOS-CI";
            PRODUCT_MODULE_NAME = "$(TARGET_NAME:c99extidentifier)";
            PRODUCT_NAME = "$(TARGET_NAME:c99extidentifier)";
            SKIP_INSTALL = "YES";
            SWIFT_ACTIVE_COMPILATION_CONDITIONS = (
               "$(inherited)"
            );
            SWIFT_VERSION = "5.0";
            TARGET_NAME = "WeTransfer-iOS-CI";
            TVOS_DEPLOYMENT_TARGET = "9.0";
            WATCHOS_DEPLOYMENT_TARGET = "2.0";
         };
         name = "Release";
      };
      "OBJ_19" = {
         isa = "PBXFileReference";
         path = "BitBucketCloud.swift";
         sourceTree = "<group>";
      };
      "OBJ_190" = {
         isa = "PBXSourcesBuildPhase";
         files = (
            "OBJ_191"
         );
      };
      "OBJ_191" = {
         isa = "PBXBuildFile";
         fileRef = "OBJ_9";
      };
      "OBJ_192" = {
         isa = "PBXFrameworksBuildPhase";
         files = (
            "OBJ_193",
            "OBJ_194",
            "OBJ_195",
            "OBJ_196",
            "OBJ_197",
            "OBJ_198"
         );
      };
      "OBJ_193" = {
         isa = "PBXBuildFile";
         fileRef = "WeTransferLinter::WeTransferLinter::Product";
      };
      "OBJ_194" = {
         isa = "PBXBuildFile";
         fileRef = "danger-swift::Danger::Product";
      };
      "OBJ_195" = {
         isa = "PBXBuildFile";
         fileRef = "Logger::Logger::Product";
      };
      "OBJ_196" = {
         isa = "PBXBuildFile";
         fileRef = "OctoKit::OctoKit::Product";
      };
      "OBJ_197" = {
         isa = "PBXBuildFile";
         fileRef = "RequestKit::RequestKit::Product";
      };
      "OBJ_198" = {
         isa = "PBXBuildFile";
         fileRef = "danger-swift::DangerShellExecutor::Product";
      };
      "OBJ_199" = {
         isa = "PBXTargetDependency";
         target = "WeTransferLinter::WeTransferLinter";
      };
      "OBJ_2" = {
         isa = "XCConfigurationList";
         buildConfigurations = (
            "OBJ_3",
            "OBJ_4"
         );
         defaultConfigurationIsVisible = "0";
         defaultConfigurationName = "Release";
      };
      "OBJ_20" = {
         isa = "PBXFileReference";
         path = "BitBucketMetadata.swift";
         sourceTree = "<group>";
      };
      "OBJ_201" = {
         isa = "PBXTargetDependency";
         target = "danger-swift::Danger";
      };
      "OBJ_202" = {
         isa = "PBXTargetDependency";
         target = "Logger::Logger";
      };
      "OBJ_203" = {
         isa = "PBXTargetDependency";
         target = "OctoKit::OctoKit";
      };
      "OBJ_204" = {
         isa = "PBXTargetDependency";
         target = "RequestKit::RequestKit";
      };
      "OBJ_205" = {
         isa = "PBXTargetDependency";
         target = "danger-swift::DangerShellExecutor";
      };
      "OBJ_207" = {
         isa = "XCConfigurationList";
         buildConfigurations = (
            "OBJ_208",
            "OBJ_209"
         );
         defaultConfigurationIsVisible = "0";
         defaultConfigurationName = "Release";
      };
      "OBJ_208" = {
         isa = "XCBuildConfiguration";
         buildSettings = {
            LD = "/usr/bin/true";
            OTHER_SWIFT_FLAGS = (
               "-swift-version",
               "5",
               "-I",
               "$(TOOLCHAIN_DIR)/usr/lib/swift/pm/4_2",
               "-target",
               "x86_64-apple-macosx10.10",
               "-sdk",
               "/Applications/Xcode.app/Contents/Developer/Platforms/MacOSX.platform/Developer/SDKs/MacOSX10.15.sdk",
               "-package-description-version",
               "5.1"
            );
            SWIFT_VERSION = "5.0";
         };
         name = "Debug";
      };
      "OBJ_209" = {
         isa = "XCBuildConfiguration";
         buildSettings = {
            LD = "/usr/bin/true";
            OTHER_SWIFT_FLAGS = (
               "-swift-version",
               "5",
               "-I",
               "$(TOOLCHAIN_DIR)/usr/lib/swift/pm/4_2",
               "-target",
               "x86_64-apple-macosx10.10",
               "-sdk",
               "/Applications/Xcode.app/Contents/Developer/Platforms/MacOSX.platform/Developer/SDKs/MacOSX10.15.sdk",
               "-package-description-version",
               "5.1"
            );
            SWIFT_VERSION = "5.0";
         };
         name = "Release";
      };
      "OBJ_21" = {
         isa = "PBXFileReference";
         path = "BitBucketServerDSL.swift";
         sourceTree = "<group>";
      };
      "OBJ_210" = {
         isa = "PBXSourcesBuildPhase";
         files = (
            "OBJ_211"
         );
      };
      "OBJ_211" = {
         isa = "PBXBuildFile";
         fileRef = "OBJ_6";
      };
      "OBJ_212" = {
         isa = "XCConfigurationList";
         buildConfigurations = (
            "OBJ_213",
            "OBJ_214"
         );
         defaultConfigurationIsVisible = "0";
         defaultConfigurationName = "Release";
      };
      "OBJ_213" = {
         isa = "XCBuildConfiguration";
         buildSettings = {
            ENABLE_TESTABILITY = "YES";
            FRAMEWORK_SEARCH_PATHS = (
               "$(inherited)",
               "$(PLATFORM_DIR)/Developer/Library/Frameworks"
            );
            HEADER_SEARCH_PATHS = (
               "$(inherited)"
            );
            INFOPLIST_FILE = "WeTransfer-iOS-CI.xcodeproj/WeTransferLinter_Info.plist";
            IPHONEOS_DEPLOYMENT_TARGET = "8.0";
            LD_RUNPATH_SEARCH_PATHS = (
               "$(inherited)",
               "$(TOOLCHAIN_DIR)/usr/lib/swift/macosx"
            );
            MACOSX_DEPLOYMENT_TARGET = "10.10";
            OTHER_CFLAGS = (
               "$(inherited)"
            );
            OTHER_LDFLAGS = (
               "$(inherited)"
            );
            OTHER_SWIFT_FLAGS = (
               "$(inherited)"
            );
            PRODUCT_BUNDLE_IDENTIFIER = "WeTransferLinter";
            PRODUCT_MODULE_NAME = "$(TARGET_NAME:c99extidentifier)";
            PRODUCT_NAME = "$(TARGET_NAME:c99extidentifier)";
            SKIP_INSTALL = "YES";
            SWIFT_ACTIVE_COMPILATION_CONDITIONS = (
               "$(inherited)"
            );
            SWIFT_VERSION = "5.0";
            TARGET_NAME = "WeTransferLinter";
            TVOS_DEPLOYMENT_TARGET = "9.0";
            WATCHOS_DEPLOYMENT_TARGET = "2.0";
         };
         name = "Debug";
      };
      "OBJ_214" = {
         isa = "XCBuildConfiguration";
         buildSettings = {
            ENABLE_TESTABILITY = "YES";
            FRAMEWORK_SEARCH_PATHS = (
               "$(inherited)",
               "$(PLATFORM_DIR)/Developer/Library/Frameworks"
            );
            HEADER_SEARCH_PATHS = (
               "$(inherited)"
            );
            INFOPLIST_FILE = "WeTransfer-iOS-CI.xcodeproj/WeTransferLinter_Info.plist";
            IPHONEOS_DEPLOYMENT_TARGET = "8.0";
            LD_RUNPATH_SEARCH_PATHS = (
               "$(inherited)",
               "$(TOOLCHAIN_DIR)/usr/lib/swift/macosx"
            );
            MACOSX_DEPLOYMENT_TARGET = "10.10";
            OTHER_CFLAGS = (
               "$(inherited)"
            );
            OTHER_LDFLAGS = (
               "$(inherited)"
            );
            OTHER_SWIFT_FLAGS = (
               "$(inherited)"
            );
            PRODUCT_BUNDLE_IDENTIFIER = "WeTransferLinter";
            PRODUCT_MODULE_NAME = "$(TARGET_NAME:c99extidentifier)";
            PRODUCT_NAME = "$(TARGET_NAME:c99extidentifier)";
            SKIP_INSTALL = "YES";
            SWIFT_ACTIVE_COMPILATION_CONDITIONS = (
               "$(inherited)"
            );
            SWIFT_VERSION = "5.0";
            TARGET_NAME = "WeTransferLinter";
            TVOS_DEPLOYMENT_TARGET = "9.0";
            WATCHOS_DEPLOYMENT_TARGET = "2.0";
         };
         name = "Release";
      };
      "OBJ_215" = {
         isa = "PBXSourcesBuildPhase";
         files = (
            "OBJ_216"
         );
      };
      "OBJ_216" = {
         isa = "PBXBuildFile";
         fileRef = "OBJ_15";
      };
      "OBJ_217" = {
         isa = "PBXFrameworksBuildPhase";
         files = (
            "OBJ_218",
            "OBJ_219",
            "OBJ_220",
            "OBJ_221",
            "OBJ_222"
         );
      };
      "OBJ_218" = {
         isa = "PBXBuildFile";
         fileRef = "danger-swift::Danger::Product";
      };
      "OBJ_219" = {
         isa = "PBXBuildFile";
         fileRef = "Logger::Logger::Product";
      };
      "OBJ_22" = {
         isa = "PBXFileReference";
         path = "Danger.swift";
         sourceTree = "<group>";
      };
      "OBJ_220" = {
         isa = "PBXBuildFile";
         fileRef = "OctoKit::OctoKit::Product";
      };
      "OBJ_221" = {
         isa = "PBXBuildFile";
         fileRef = "RequestKit::RequestKit::Product";
      };
      "OBJ_222" = {
         isa = "PBXBuildFile";
         fileRef = "danger-swift::DangerShellExecutor::Product";
      };
      "OBJ_223" = {
         isa = "PBXTargetDependency";
         target = "danger-swift::Danger";
      };
      "OBJ_224" = {
         isa = "PBXTargetDependency";
         target = "Logger::Logger";
      };
      "OBJ_225" = {
         isa = "PBXTargetDependency";
         target = "OctoKit::OctoKit";
      };
      "OBJ_226" = {
         isa = "PBXTargetDependency";
         target = "RequestKit::RequestKit";
      };
      "OBJ_227" = {
         isa = "PBXTargetDependency";
         target = "danger-swift::DangerShellExecutor";
      };
      "OBJ_229" = {
         isa = "XCConfigurationList";
         buildConfigurations = (
            "OBJ_230",
            "OBJ_231"
         );
         defaultConfigurationIsVisible = "0";
         defaultConfigurationName = "Release";
      };
      "OBJ_23" = {
         isa = "PBXFileReference";
         path = "DangerDSL.swift";
         sourceTree = "<group>";
      };
      "OBJ_230" = {
         isa = "XCBuildConfiguration";
         buildSettings = {
            LD = "/usr/bin/true";
            OTHER_SWIFT_FLAGS = (
               "-swift-version",
               "5",
               "-I",
               "$(TOOLCHAIN_DIR)/usr/lib/swift/pm/4_2",
               "-target",
               "x86_64-apple-macosx10.10",
               "-sdk",
               "/Applications/Xcode.app/Contents/Developer/Platforms/MacOSX.platform/Developer/SDKs/MacOSX10.15.sdk",
               "-package-description-version",
               "5.1"
            );
            SWIFT_VERSION = "5.0";
         };
         name = "Debug";
      };
      "OBJ_231" = {
         isa = "XCBuildConfiguration";
         buildSettings = {
            LD = "/usr/bin/true";
            OTHER_SWIFT_FLAGS = (
               "-swift-version",
               "5",
               "-I",
               "$(TOOLCHAIN_DIR)/usr/lib/swift/pm/4_2",
               "-target",
               "x86_64-apple-macosx10.10",
               "-sdk",
               "/Applications/Xcode.app/Contents/Developer/Platforms/MacOSX.platform/Developer/SDKs/MacOSX10.15.sdk",
               "-package-description-version",
               "5.1"
            );
            SWIFT_VERSION = "5.0";
         };
         name = "Release";
      };
      "OBJ_232" = {
         isa = "PBXSourcesBuildPhase";
         files = (
            "OBJ_233"
         );
      };
      "OBJ_233" = {
         isa = "PBXBuildFile";
         fileRef = "OBJ_16";
      };
      "OBJ_235" = {
         isa = "XCConfigurationList";
         buildConfigurations = (
            "OBJ_236",
            "OBJ_237"
         );
         defaultConfigurationIsVisible = "0";
         defaultConfigurationName = "Release";
      };
      "OBJ_236" = {
         isa = "XCBuildConfiguration";
         buildSettings = {
            LD = "/usr/bin/true";
            OTHER_SWIFT_FLAGS = (
               "-swift-version",
               "4.2",
               "-I",
               "$(TOOLCHAIN_DIR)/usr/lib/swift/pm/4_2",
               "-target",
               "x86_64-apple-macosx10.10",
               "-sdk",
               "/Applications/Xcode.app/Contents/Developer/Platforms/MacOSX.platform/Developer/SDKs/MacOSX10.15.sdk",
               "-package-description-version",
               "4.2"
            );
            SWIFT_VERSION = "4.2";
         };
         name = "Debug";
      };
      "OBJ_237" = {
         isa = "XCBuildConfiguration";
         buildSettings = {
            LD = "/usr/bin/true";
            OTHER_SWIFT_FLAGS = (
               "-swift-version",
               "4.2",
               "-I",
               "$(TOOLCHAIN_DIR)/usr/lib/swift/pm/4_2",
               "-target",
               "x86_64-apple-macosx10.10",
               "-sdk",
               "/Applications/Xcode.app/Contents/Developer/Platforms/MacOSX.platform/Developer/SDKs/MacOSX10.15.sdk",
               "-package-description-version",
               "4.2"
            );
            SWIFT_VERSION = "4.2";
         };
         name = "Release";
      };
      "OBJ_238" = {
         isa = "PBXSourcesBuildPhase";
         files = (
            "OBJ_239"
         );
      };
      "OBJ_239" = {
         isa = "PBXBuildFile";
         fileRef = "OBJ_46";
      };
      "OBJ_24" = {
         isa = "PBXFileReference";
         path = "DangerResults.swift";
         sourceTree = "<group>";
      };
      "OBJ_25" = {
         isa = "PBXFileReference";
         path = "DangerUtils.swift";
         sourceTree = "<group>";
      };
      "OBJ_26" = {
         isa = "PBXGroup";
         children = (
            "OBJ_27",
            "OBJ_28"
         );
         name = "Extensions";
         path = "Extensions";
         sourceTree = "<group>";
      };
      "OBJ_27" = {
         isa = "PBXFileReference";
         path = "DateFormatterExtensions.swift";
         sourceTree = "<group>";
      };
      "OBJ_28" = {
         isa = "PBXFileReference";
         path = "NSRegularExpressionExtensions.swift";
         sourceTree = "<group>";
      };
      "OBJ_29" = {
         isa = "PBXFileReference";
         path = "File.swift";
         sourceTree = "<group>";
      };
      "OBJ_3" = {
         isa = "XCBuildConfiguration";
         buildSettings = {
            CLANG_ENABLE_OBJC_ARC = "YES";
            COMBINE_HIDPI_IMAGES = "YES";
            COPY_PHASE_STRIP = "NO";
            DEBUG_INFORMATION_FORMAT = "dwarf";
            DYLIB_INSTALL_NAME_BASE = "@rpath";
            ENABLE_NS_ASSERTIONS = "YES";
            GCC_OPTIMIZATION_LEVEL = "0";
            GCC_PREPROCESSOR_DEFINITIONS = (
               "$(inherited)",
               "SWIFT_PACKAGE=1",
               "DEBUG=1"
            );
            MACOSX_DEPLOYMENT_TARGET = "10.10";
            ONLY_ACTIVE_ARCH = "YES";
            OTHER_SWIFT_FLAGS = (
               "$(inherited)",
               "-DXcode"
            );
            PRODUCT_NAME = "$(TARGET_NAME)";
            SDKROOT = "macosx";
            SUPPORTED_PLATFORMS = (
               "macosx",
               "iphoneos",
               "iphonesimulator",
               "appletvos",
               "appletvsimulator",
               "watchos",
               "watchsimulator"
            );
            SWIFT_ACTIVE_COMPILATION_CONDITIONS = (
               "$(inherited)",
               "SWIFT_PACKAGE",
               "DEBUG"
            );
            SWIFT_OPTIMIZATION_LEVEL = "-Onone";
            USE_HEADERMAP = "NO";
         };
         name = "Debug";
      };
      "OBJ_30" = {
         isa = "PBXFileReference";
         path = "GitDSL.swift";
         sourceTree = "<group>";
      };
      "OBJ_31" = {
         isa = "PBXFileReference";
         path = "GitHubDSL.swift";
         sourceTree = "<group>";
      };
      "OBJ_32" = {
         isa = "PBXFileReference";
         path = "GitLabDSL.swift";
         sourceTree = "<group>";
      };
      "OBJ_33" = {
         isa = "PBXGroup";
         children = (
            "OBJ_34"
         );
         name = "Plugins";
         path = "Plugins";
         sourceTree = "<group>";
      };
      "OBJ_34" = {
         isa = "PBXGroup";
         children = (
            "OBJ_35",
            "OBJ_36",
            "OBJ_37",
            "OBJ_38"
         );
         name = "SwiftLint";
         path = "SwiftLint";
         sourceTree = "<group>";
      };
      "OBJ_35" = {
         isa = "PBXFileReference";
         path = "CurrentPathProvider.swift";
         sourceTree = "<group>";
      };
      "OBJ_36" = {
         isa = "PBXFileReference";
         path = "SwiftLint.swift";
         sourceTree = "<group>";
      };
      "OBJ_37" = {
         isa = "PBXFileReference";
         path = "SwiftLintViolation.swift";
         sourceTree = "<group>";
      };
      "OBJ_38" = {
         isa = "PBXFileReference";
         path = "SwiftlintReportDeleter.swift";
         sourceTree = "<group>";
      };
      "OBJ_39" = {
         isa = "PBXFileReference";
         path = "Report.swift";
         sourceTree = "<group>";
      };
      "OBJ_4" = {
         isa = "XCBuildConfiguration";
         buildSettings = {
            CLANG_ENABLE_OBJC_ARC = "YES";
            COMBINE_HIDPI_IMAGES = "YES";
            COPY_PHASE_STRIP = "YES";
            DEBUG_INFORMATION_FORMAT = "dwarf-with-dsym";
            DYLIB_INSTALL_NAME_BASE = "@rpath";
            GCC_OPTIMIZATION_LEVEL = "s";
            GCC_PREPROCESSOR_DEFINITIONS = (
               "$(inherited)",
               "SWIFT_PACKAGE=1"
            );
            MACOSX_DEPLOYMENT_TARGET = "10.10";
            OTHER_SWIFT_FLAGS = (
               "$(inherited)",
               "-DXcode"
            );
            PRODUCT_NAME = "$(TARGET_NAME)";
            SDKROOT = "macosx";
            SUPPORTED_PLATFORMS = (
               "macosx",
               "iphoneos",
               "iphonesimulator",
               "appletvos",
               "appletvsimulator",
               "watchos",
               "watchsimulator"
            );
            SWIFT_ACTIVE_COMPILATION_CONDITIONS = (
               "$(inherited)",
               "SWIFT_PACKAGE"
            );
            SWIFT_OPTIMIZATION_LEVEL = "-Owholemodule";
            USE_HEADERMAP = "NO";
         };
         name = "Release";
      };
      "OBJ_40" = {
         isa = "PBXFileReference";
         path = "Settings.swift";
         sourceTree = "<group>";
      };
      "OBJ_41" = {
         isa = "PBXGroup";
         children = (
         );
         name = "DangerFixtures";
         path = ".build/checkouts/swift/Sources/DangerFixtures";
         sourceTree = "SOURCE_ROOT";
      };
      "OBJ_42" = {
         isa = "PBXGroup";
         children = (
            "OBJ_43"
         );
         name = "DangerShellExecutor";
         path = ".build/checkouts/swift/Sources/DangerShellExecutor";
         sourceTree = "SOURCE_ROOT";
      };
      "OBJ_43" = {
         isa = "PBXFileReference";
         path = "ShellExecutor.swift";
         sourceTree = "<group>";
      };
      "OBJ_44" = {
         isa = "PBXGroup";
         children = (
         );
         name = "Runner";
         path = ".build/checkouts/swift/Sources/Runner";
         sourceTree = "SOURCE_ROOT";
      };
      "OBJ_45" = {
         isa = "PBXGroup";
         children = (
         );
         name = "RunnerLib";
         path = ".build/checkouts/swift/Sources/RunnerLib";
         sourceTree = "SOURCE_ROOT";
      };
      "OBJ_46" = {
         isa = "PBXFileReference";
         explicitFileType = "sourcecode.swift";
         name = "Package.swift";
         path = "/Users/antoinevanderlee/Documents/GIT-Projects/WeTransfer/Coyote/Submodules/WeTransfer-iOS-CI/Danger-Swift/.build/checkouts/swift/Package.swift";
         sourceTree = "<group>";
      };
      "OBJ_47" = {
         isa = "PBXGroup";
         children = (
            "OBJ_48",
            "OBJ_49"
         );
         name = "OctoKit 0.10.0";
         path = ".build/checkouts/octokit.swift";
         sourceTree = "SOURCE_ROOT";
      };
      "OBJ_48" = {
         isa = "PBXFileReference";
         explicitFileType = "sourcecode.swift";
         name = "Package.swift";
         path = "/Users/antoinevanderlee/Documents/GIT-Projects/WeTransfer/Coyote/Submodules/WeTransfer-iOS-CI/Danger-Swift/.build/checkouts/octokit.swift/Package.swift";
         sourceTree = "<group>";
      };
      "OBJ_49" = {
         isa = "PBXGroup";
         children = (
            "OBJ_50",
            "OBJ_51",
            "OBJ_52",
            "OBJ_53",
            "OBJ_54",
            "OBJ_55",
            "OBJ_56",
            "OBJ_57",
            "OBJ_58",
            "OBJ_59",
            "OBJ_60",
            "OBJ_61",
            "OBJ_62",
            "OBJ_63",
            "OBJ_64",
            "OBJ_65",
            "OBJ_66"
         );
         name = "OctoKit";
         path = "OctoKit";
         sourceTree = "<group>";
      };
      "OBJ_5" = {
         isa = "PBXGroup";
         children = (
            "OBJ_6",
            "OBJ_7",
            "OBJ_10",
            "OBJ_11",
            "OBJ_77",
            "OBJ_85",
            "OBJ_86"
         );
         path = "";
         sourceTree = "<group>";
      };
      "OBJ_50" = {
         isa = "PBXFileReference";
         path = "Configuration.swift";
         sourceTree = "<group>";
      };
      "OBJ_51" = {
         isa = "PBXFileReference";
         path = "File.swift";
         sourceTree = "<group>";
      };
      "OBJ_52" = {
         isa = "PBXFileReference";
         path = "Follow.swift";
         sourceTree = "<group>";
      };
      "OBJ_53" = {
         isa = "PBXFileReference";
         path = "Gist.swift";
         sourceTree = "<group>";
      };
      "OBJ_54" = {
         isa = "PBXFileReference";
         path = "Issue.swift";
         sourceTree = "<group>";
      };
      "OBJ_55" = {
         isa = "PBXFileReference";
         path = "Label.swift";
         sourceTree = "<group>";
      };
      "OBJ_56" = {
         isa = "PBXFileReference";
         path = "Milestone.swift";
         sourceTree = "<group>";
      };
      "OBJ_57" = {
         isa = "PBXFileReference";
         path = "Octokit.swift";
         sourceTree = "<group>";
      };
      "OBJ_58" = {
         isa = "PBXFileReference";
         path = "Parameters.swift";
         sourceTree = "<group>";
      };
      "OBJ_59" = {
         isa = "PBXFileReference";
         path = "PublicKey.swift";
         sourceTree = "<group>";
      };
      "OBJ_6" = {
         isa = "PBXFileReference";
         explicitFileType = "sourcecode.swift";
         path = "Package.swift";
         sourceTree = "<group>";
      };
      "OBJ_60" = {
         isa = "PBXFileReference";
         path = "PullRequest.swift";
         sourceTree = "<group>";
      };
      "OBJ_61" = {
         isa = "PBXFileReference";
         path = "Repositories.swift";
         sourceTree = "<group>";
      };
      "OBJ_62" = {
         isa = "PBXFileReference";
         path = "Stars.swift";
         sourceTree = "<group>";
      };
      "OBJ_63" = {
         isa = "PBXFileReference";
         path = "String+PercentEncoding.swift";
         sourceTree = "<group>";
      };
      "OBJ_64" = {
         isa = "PBXFileReference";
         path = "Time.swift";
         sourceTree = "<group>";
      };
      "OBJ_65" = {
         isa = "PBXFileReference";
         path = "URL+URLParameters.swift";
         sourceTree = "<group>";
      };
      "OBJ_66" = {
         isa = "PBXFileReference";
         path = "User.swift";
         sourceTree = "<group>";
      };
      "OBJ_67" = {
         isa = "PBXGroup";
         children = (
            "OBJ_68",
            "OBJ_72"
         );
         name = "RequestKit 2.4.0";
         path = "";
         sourceTree = "SOURCE_ROOT";
      };
      "OBJ_68" = {
         isa = "PBXGroup";
         children = (
            "OBJ_69",
            "OBJ_70",
            "OBJ_71"
         );
         name = "RequestKit";
         path = ".build/checkouts/RequestKit/Sources/RequestKit";
         sourceTree = "SOURCE_ROOT";
      };
      "OBJ_69" = {
         isa = "PBXFileReference";
         path = "JSONPostRouter.swift";
         sourceTree = "<group>";
      };
      "OBJ_7" = {
         isa = "PBXGroup";
         children = (
            "OBJ_8"
         );
         name = "Sources";
         path = "";
         sourceTree = "SOURCE_ROOT";
      };
      "OBJ_70" = {
         isa = "PBXFileReference";
         path = "RequestKitSession.swift";
         sourceTree = "<group>";
      };
      "OBJ_71" = {
         isa = "PBXFileReference";
         path = "Router.swift";
         sourceTree = "<group>";
      };
      "OBJ_72" = {
         isa = "PBXFileReference";
         explicitFileType = "sourcecode.swift";
         name = "Package.swift";
         path = "/Users/antoinevanderlee/Documents/GIT-Projects/WeTransfer/Coyote/Submodules/WeTransfer-iOS-CI/Danger-Swift/.build/checkouts/RequestKit/Package.swift";
         sourceTree = "<group>";
      };
      "OBJ_73" = {
         isa = "PBXGroup";
         children = (
            "OBJ_74",
            "OBJ_76"
         );
         name = "Logger 0.2.3";
         path = "";
         sourceTree = "SOURCE_ROOT";
      };
      "OBJ_74" = {
         isa = "PBXGroup";
         children = (
            "OBJ_75"
         );
         name = "Logger";
         path = ".build/checkouts/Logger/Sources/Logger";
         sourceTree = "SOURCE_ROOT";
      };
      "OBJ_75" = {
         isa = "PBXFileReference";
         path = "Logger.swift";
         sourceTree = "<group>";
      };
      "OBJ_76" = {
         isa = "PBXFileReference";
         explicitFileType = "sourcecode.swift";
         name = "Package.swift";
         path = "/Users/antoinevanderlee/Documents/GIT-Projects/WeTransfer/Coyote/Submodules/WeTransfer-iOS-CI/Danger-Swift/.build/checkouts/Logger/Package.swift";
         sourceTree = "<group>";
      };
      "OBJ_77" = {
         isa = "PBXGroup";
         children = (
            "Logger::Logger::Product",
            "RequestKit::RequestKit::Product",
            "WeTransfer-iOS-CI::WeTransfer-iOS-CI::Product",
            "danger-swift::DangerShellExecutor::Product",
            "danger-swift::Danger::Product",
            "WeTransferLinter::WeTransferLinter::Product",
            "OctoKit::OctoKit::Product"
         );
         name = "Products";
         path = "";
         sourceTree = "BUILT_PRODUCTS_DIR";
      };
      "OBJ_8" = {
         isa = "PBXGroup";
         children = (
            "OBJ_9"
         );
         name = "WeTransfer-iOS-CI";
         path = "Sources/WeTransfer-iOS-CI";
         sourceTree = "SOURCE_ROOT";
      };
      "OBJ_85" = {
         isa = "PBXFileReference";
         path = "Plugins";
         sourceTree = "SOURCE_ROOT";
      };
      "OBJ_86" = {
         isa = "PBXFileReference";
         path = "node_modules";
         sourceTree = "SOURCE_ROOT";
      };
      "OBJ_88" = {
         isa = "XCConfigurationList";
         buildConfigurations = (
            "OBJ_89",
            "OBJ_90"
         );
         defaultConfigurationIsVisible = "0";
         defaultConfigurationName = "Release";
      };
      "OBJ_89" = {
         isa = "XCBuildConfiguration";
         buildSettings = {
            ENABLE_TESTABILITY = "YES";
            FRAMEWORK_SEARCH_PATHS = (
               "$(inherited)",
               "$(PLATFORM_DIR)/Developer/Library/Frameworks"
            );
            HEADER_SEARCH_PATHS = (
               "$(inherited)"
            );
            INFOPLIST_FILE = "WeTransfer-iOS-CI.xcodeproj/Danger_Info.plist";
            LD_RUNPATH_SEARCH_PATHS = (
               "$(inherited)",
               "$(TOOLCHAIN_DIR)/usr/lib/swift/macosx"
            );
            OTHER_CFLAGS = (
               "$(inherited)"
            );
            OTHER_LDFLAGS = (
               "$(inherited)"
            );
            OTHER_SWIFT_FLAGS = (
               "$(inherited)"
            );
            PRODUCT_BUNDLE_IDENTIFIER = "Danger";
            PRODUCT_MODULE_NAME = "$(TARGET_NAME:c99extidentifier)";
            PRODUCT_NAME = "$(TARGET_NAME:c99extidentifier)";
            SKIP_INSTALL = "YES";
            SWIFT_ACTIVE_COMPILATION_CONDITIONS = (
               "$(inherited)"
            );
            SWIFT_VERSION = "4.2";
            TARGET_NAME = "Danger";
         };
         name = "Debug";
      };
      "OBJ_9" = {
         isa = "PBXFileReference";
         path = "Fake.swift";
         sourceTree = "<group>";
      };
      "OBJ_90" = {
         isa = "XCBuildConfiguration";
         buildSettings = {
            ENABLE_TESTABILITY = "YES";
            FRAMEWORK_SEARCH_PATHS = (
               "$(inherited)",
               "$(PLATFORM_DIR)/Developer/Library/Frameworks"
            );
            HEADER_SEARCH_PATHS = (
               "$(inherited)"
            );
            INFOPLIST_FILE = "WeTransfer-iOS-CI.xcodeproj/Danger_Info.plist";
            LD_RUNPATH_SEARCH_PATHS = (
               "$(inherited)",
               "$(TOOLCHAIN_DIR)/usr/lib/swift/macosx"
            );
            OTHER_CFLAGS = (
               "$(inherited)"
            );
            OTHER_LDFLAGS = (
               "$(inherited)"
            );
            OTHER_SWIFT_FLAGS = (
               "$(inherited)"
            );
            PRODUCT_BUNDLE_IDENTIFIER = "Danger";
            PRODUCT_MODULE_NAME = "$(TARGET_NAME:c99extidentifier)";
            PRODUCT_NAME = "$(TARGET_NAME:c99extidentifier)";
            SKIP_INSTALL = "YES";
            SWIFT_ACTIVE_COMPILATION_CONDITIONS = (
               "$(inherited)"
            );
            SWIFT_VERSION = "4.2";
            TARGET_NAME = "Danger";
         };
         name = "Release";
      };
      "OBJ_91" = {
         isa = "PBXSourcesBuildPhase";
         files = (
            "OBJ_92",
            "OBJ_93",
            "OBJ_94",
            "OBJ_95",
            "OBJ_96",
            "OBJ_97",
            "OBJ_98",
            "OBJ_99",
            "OBJ_100",
            "OBJ_101",
            "OBJ_102",
            "OBJ_103",
            "OBJ_104",
            "OBJ_105",
            "OBJ_106",
            "OBJ_107",
            "OBJ_108",
            "OBJ_109",
            "OBJ_110"
         );
      };
      "OBJ_92" = {
         isa = "PBXBuildFile";
         fileRef = "OBJ_19";
      };
      "OBJ_93" = {
         isa = "PBXBuildFile";
         fileRef = "OBJ_20";
      };
      "OBJ_94" = {
         isa = "PBXBuildFile";
         fileRef = "OBJ_21";
      };
      "OBJ_95" = {
         isa = "PBXBuildFile";
         fileRef = "OBJ_22";
      };
      "OBJ_96" = {
         isa = "PBXBuildFile";
         fileRef = "OBJ_23";
      };
      "OBJ_97" = {
         isa = "PBXBuildFile";
         fileRef = "OBJ_24";
      };
      "OBJ_98" = {
         isa = "PBXBuildFile";
         fileRef = "OBJ_25";
      };
      "OBJ_99" = {
         isa = "PBXBuildFile";
         fileRef = "OBJ_27";
      };
      "OctoKit::OctoKit" = {
         isa = "PBXNativeTarget";
         buildConfigurationList = "OBJ_142";
         buildPhases = (
            "OBJ_145",
            "OBJ_163"
         );
         dependencies = (
            "OBJ_165"
         );
         name = "OctoKit";
         productName = "OctoKit";
         productReference = "OctoKit::OctoKit::Product";
         productType = "com.apple.product-type.framework";
      };
      "OctoKit::OctoKit::Product" = {
         isa = "PBXFileReference";
         path = "OctoKit.framework";
         sourceTree = "BUILT_PRODUCTS_DIR";
      };
      "OctoKit::SwiftPMPackageDescription" = {
         isa = "PBXNativeTarget";
         buildConfigurationList = "OBJ_167";
         buildPhases = (
            "OBJ_170"
         );
         dependencies = (
         );
         name = "OctoKitPackageDescription";
         productName = "OctoKitPackageDescription";
         productType = "com.apple.product-type.framework";
      };
      "RequestKit::RequestKit" = {
         isa = "PBXNativeTarget";
         buildConfigurationList = "OBJ_172";
         buildPhases = (
            "OBJ_175",
            "OBJ_179"
         );
         dependencies = (
         );
         name = "RequestKit";
         productName = "RequestKit";
         productReference = "RequestKit::RequestKit::Product";
         productType = "com.apple.product-type.framework";
      };
      "RequestKit::RequestKit::Product" = {
         isa = "PBXFileReference";
         path = "RequestKit.framework";
         sourceTree = "BUILT_PRODUCTS_DIR";
      };
      "RequestKit::SwiftPMPackageDescription" = {
         isa = "PBXNativeTarget";
         buildConfigurationList = "OBJ_181";
         buildPhases = (
            "OBJ_184"
         );
         dependencies = (
         );
         name = "RequestKitPackageDescription";
         productName = "RequestKitPackageDescription";
         productType = "com.apple.product-type.framework";
      };
      "WeTransfer-iOS-CI::SwiftPMPackageDescription" = {
         isa = "PBXNativeTarget";
         buildConfigurationList = "OBJ_207";
         buildPhases = (
            "OBJ_210"
         );
         dependencies = (
         );
         name = "WeTransfer-iOS-CIPackageDescription";
         productName = "WeTransfer-iOS-CIPackageDescription";
         productType = "com.apple.product-type.framework";
      };
      "WeTransfer-iOS-CI::WeTransfer-iOS-CI" = {
         isa = "PBXNativeTarget";
         buildConfigurationList = "OBJ_187";
         buildPhases = (
            "OBJ_190",
            "OBJ_192"
         );
         dependencies = (
            "OBJ_199",
            "OBJ_201",
            "OBJ_202",
            "OBJ_203",
            "OBJ_204",
            "OBJ_205"
         );
         name = "WeTransfer-iOS-CI";
         productName = "WeTransfer_iOS_CI";
         productReference = "WeTransfer-iOS-CI::WeTransfer-iOS-CI::Product";
         productType = "com.apple.product-type.framework";
      };
      "WeTransfer-iOS-CI::WeTransfer-iOS-CI::Product" = {
         isa = "PBXFileReference";
         path = "WeTransfer_iOS_CI.framework";
         sourceTree = "BUILT_PRODUCTS_DIR";
      };
      "WeTransferLinter::SwiftPMPackageDescription" = {
         isa = "PBXNativeTarget";
         buildConfigurationList = "OBJ_229";
         buildPhases = (
            "OBJ_232"
         );
         dependencies = (
         );
         name = "WeTransferLinterPackageDescription";
         productName = "WeTransferLinterPackageDescription";
         productType = "com.apple.product-type.framework";
      };
      "WeTransferLinter::WeTransferLinter" = {
         isa = "PBXNativeTarget";
         buildConfigurationList = "OBJ_212";
         buildPhases = (
            "OBJ_215",
            "OBJ_217"
         );
         dependencies = (
            "OBJ_223",
            "OBJ_224",
            "OBJ_225",
            "OBJ_226",
            "OBJ_227"
         );
         name = "WeTransferLinter";
         productName = "WeTransferLinter";
         productReference = "WeTransferLinter::WeTransferLinter::Product";
         productType = "com.apple.product-type.framework";
      };
      "WeTransferLinter::WeTransferLinter::Product" = {
         isa = "PBXFileReference";
         path = "WeTransferLinter.framework";
         sourceTree = "BUILT_PRODUCTS_DIR";
      };
      "danger-swift::Danger" = {
         isa = "PBXNativeTarget";
         buildConfigurationList = "OBJ_88";
         buildPhases = (
            "OBJ_91",
            "OBJ_111"
         );
         dependencies = (
            "OBJ_116",
            "OBJ_118",
            "OBJ_120",
            "OBJ_122"
         );
         name = "Danger";
         productName = "Danger";
         productReference = "danger-swift::Danger::Product";
         productType = "com.apple.product-type.framework";
      };
      "danger-swift::Danger::Product" = {
         isa = "PBXFileReference";
         path = "Danger.framework";
         sourceTree = "BUILT_PRODUCTS_DIR";
      };
      "danger-swift::DangerShellExecutor" = {
         isa = "PBXNativeTarget";
         buildConfigurationList = "OBJ_124";
         buildPhases = (
            "OBJ_127",
            "OBJ_129"
         );
         dependencies = (
         );
         name = "DangerShellExecutor";
         productName = "DangerShellExecutor";
         productReference = "danger-swift::DangerShellExecutor::Product";
         productType = "com.apple.product-type.framework";
      };
      "danger-swift::DangerShellExecutor::Product" = {
         isa = "PBXFileReference";
         path = "DangerShellExecutor.framework";
         sourceTree = "BUILT_PRODUCTS_DIR";
      };
      "danger-swift::SwiftPMPackageDescription" = {
         isa = "PBXNativeTarget";
         buildConfigurationList = "OBJ_235";
         buildPhases = (
            "OBJ_238"
         );
         dependencies = (
         );
         name = "danger-swiftPackageDescription";
         productName = "danger-swiftPackageDescription";
         productType = "com.apple.product-type.framework";
      };
   };
   rootObject = "OBJ_1";
}
