{
  "object": {
    "pins": [
      {
        "package": "Files",
        "repositoryURL": "https://github.com/JohnSundell/Files.git",
        "state": {
          "branch": null,
          "revision": "a84615f4558151fab52ac38df697ce2442991f93",
          "version": "2.3.0"
        }
      },
      {
        "package": "Logger",
        "repositoryURL": "https://github.com/shibapm/Logger",
        "state": {
          "branch": null,
          "revision": "53c3ecca5abe8cf46697e33901ee774236d94cce",
          "version": "0.2.3"
        }
      },
      {
        "package": "Marathon",
        "repositoryURL": "https://github.com/JohnSundell/Marathon",
        "state": {
          "branch": null,
          "revision": "35b672e05ac411fb104e462fbfd6541f995abc17",
          "version": "3.3.0"
        }
      },
      {
        "package": "OctoKit",
        "repositoryURL": "https://github.com/nerdishbynature/octokit.swift",
        "state": {
          "branch": null,
          "revision": "9ad4d6eff94ad1d9873d3b410a47c663c820d4bd",
          "version": "0.10.0"
        }
      },
      {
        "package": "Releases",
        "repositoryURL": "https://github.com/JohnSundell/Releases.git",
        "state": {
          "branch": null,
          "revision": "ea62f33a429185b0ed21344c2355862c5bc4fcce",
          "version": "4.0.0"
        }
      },
      {
        "package": "RequestKit",
        "repositoryURL": "https://github.com/nerdishbynature/RequestKit.git",
        "state": {
          "branch": null,
          "revision": "fd5e9e99aada7432170366c9e95967011ce13bad",
          "version": "2.4.0"
        }
      },
      {
        "package": "Require",
        "repositoryURL": "https://github.com/JohnSundell/Require.git",
        "state": {
          "branch": null,
          "revision": "7cfbd0d8a2dede0e01f6f0d8ab2c7acef1df112e",
          "version": "2.0.1"
        }
      },
      {
        "package": "ShellOut",
        "repositoryURL": "https://github.com/JohnSundell/ShellOut.git",
        "state": {
          "branch": null,
          "revision": "4ebf25863deb9c3c02696704fc3d39736183f258",
          "version": "2.2.1"
        }
      },
      {
        "package": "danger-swift",
        "repositoryURL": "https://github.com/danger/swift",
        "state": {
          "branch": null,
          "revision": "74b552511bee69051ec23347177d1e5ab6e2510a",
          "version": "2.0.7"
        }
      }
    ]
  },
  "version": 1
}
